
Microsoft Visual Studio Solution File, Format Version 12.00
Project("{FAE04EC0-301F-11D3-BF4B-00C04F79EFBC}") = "aoc2024.18", "aoc2024.18.csproj", "{BDFECC29-8A45-454A-BA57-F5C871293F00}"
EndProject
Global
	GlobalSection(SolutionConfigurationPlatforms) = preSolution
		Debug|Any CPU = Debug|Any CPU
		Release|Any CPU = Release|Any CPU
	EndGlobalSection
	GlobalSection(ProjectConfigurationPlatforms) = postSolution
		{BDFECC29-8A45-454A-BA57-F5C871293F00}.Debug|Any CPU.ActiveCfg = Debug|Any CPU
		{BDFECC29-8A45-454A-BA57-F5C871293F00}.Debug|Any CPU.Build.0 = Debug|Any CPU
		{BDFECC29-8A45-454A-BA57-F5C871293F00}.Release|Any CPU.ActiveCfg = Release|Any CPU
		{BDFECC29-8A45-454A-BA57-F5C871293F00}.Release|Any CPU.Build.0 = Release|Any CPU
	EndGlobalSection
EndGlobal
